
Microsoft Visual Studio Solution File, Format Version 12.00
# Visual Studio Version 17
VisualStudioVersion = 17.1.32228.430
MinimumVisualStudioVersion = 10.0.40219.1
Project("{FAE04EC0-301F-11D3-BF4B-00C04F79EFBC}") = "DatabaseLibrary", "DatabaseLibrary\DatabaseLibrary.csproj", "{8D0FE512-B81C-4B1B-ADE5-134522280A7B}"
EndProject
Project("{FAE04EC0-301F-11D3-BF4B-00C04F79EFBC}") = "DatabaseTestConsole", "DatabaseTestConsole\DatabaseTestConsole.csproj", "{E2703D0D-BBFB-4457-AF0E-163BBF750676}"
EndProject
Project("{FAE04EC0-301F-11D3-BF4B-00C04F79EFBC}") = "DatabaseTestProject", "DatabaseTestProject\DatabaseTestProject.csproj", "{3F513F25-8A5D-4DE3-A17F-482F315DD023}"
EndProject
Project("{FAE04EC0-301F-11D3-BF4B-00C04F79EFBC}") = "ParseApp", "ParseApp\ParseApp.csproj", "{DCB62688-3E62-4741-85EF-A9113B13EFA4}"
EndProject
Global
	GlobalSection(SolutionConfigurationPlatforms) = preSolution
		Debug|Any CPU = Debug|Any CPU
		Release|Any CPU = Release|Any CPU
	EndGlobalSection
	GlobalSection(ProjectConfigurationPlatforms) = postSolution
		{8D0FE512-B81C-4B1B-ADE5-134522280A7B}.Debug|Any CPU.ActiveCfg = Debug|Any CPU
		{8D0FE512-B81C-4B1B-ADE5-134522280A7B}.Debug|Any CPU.Build.0 = Debug|Any CPU
		{8D0FE512-B81C-4B1B-ADE5-134522280A7B}.Release|Any CPU.ActiveCfg = Release|Any CPU
		{8D0FE512-B81C-4B1B-ADE5-134522280A7B}.Release|Any CPU.Build.0 = Release|Any CPU
		{E2703D0D-BBFB-4457-AF0E-163BBF750676}.Debug|Any CPU.ActiveCfg = Debug|Any CPU
		{E2703D0D-BBFB-4457-AF0E-163BBF750676}.Debug|Any CPU.Build.0 = Debug|Any CPU
		{E2703D0D-BBFB-4457-AF0E-163BBF750676}.Release|Any CPU.ActiveCfg = Release|Any CPU
		{E2703D0D-BBFB-4457-AF0E-163BBF750676}.Release|Any CPU.Build.0 = Release|Any CPU
		{3F513F25-8A5D-4DE3-A17F-482F315DD023}.Debug|Any CPU.ActiveCfg = Debug|Any CPU
		{3F513F25-8A5D-4DE3-A17F-482F315DD023}.Debug|Any CPU.Build.0 = Debug|Any CPU
		{3F513F25-8A5D-4DE3-A17F-482F315DD023}.Release|Any CPU.ActiveCfg = Release|Any CPU
		{3F513F25-8A5D-4DE3-A17F-482F315DD023}.Release|Any CPU.Build.0 = Release|Any CPU
		{DCB62688-3E62-4741-85EF-A9113B13EFA4}.Debug|Any CPU.ActiveCfg = Debug|Any CPU
		{DCB62688-3E62-4741-85EF-A9113B13EFA4}.Debug|Any CPU.Build.0 = Debug|Any CPU
		{DCB62688-3E62-4741-85EF-A9113B13EFA4}.Release|Any CPU.ActiveCfg = Release|Any CPU
		{DCB62688-3E62-4741-85EF-A9113B13EFA4}.Release|Any CPU.Build.0 = Release|Any CPU
	EndGlobalSection
	GlobalSection(SolutionProperties) = preSolution
		HideSolutionNode = FALSE
	EndGlobalSection
	GlobalSection(ExtensibilityGlobals) = postSolution
		SolutionGuid = {4579D47B-30E2-4E16-9293-5AF3196DF6EB}
	EndGlobalSection
EndGlobal
